
Microsoft Visual Studio Solution File, Format Version 12.00
# Visual Studio Version 17
VisualStudioVersion = 17.4.33403.182
MinimumVisualStudioVersion = 10.0.40219.1
Project("{FAE04EC0-301F-11D3-BF4B-00C04F79EFBC}") = "Laboratorio1", "Laboratorio1.csproj", "{FE5B8A2F-D1CA-48C0-B00E-553738D07FD7}"
EndProject
Global
	GlobalSection(SolutionConfigurationPlatforms) = preSolution
		Debug|Any CPU = Debug|Any CPU
		Release|Any CPU = Release|Any CPU
	EndGlobalSection
	GlobalSection(ProjectConfigurationPlatforms) = postSolution
		{FE5B8A2F-D1CA-48C0-B00E-553738D07FD7}.Debug|Any CPU.ActiveCfg = Debug|Any CPU
		{FE5B8A2F-D1CA-48C0-B00E-553738D07FD7}.Debug|Any CPU.Build.0 = Debug|Any CPU
		{FE5B8A2F-D1CA-48C0-B00E-553738D07FD7}.Release|Any CPU.ActiveCfg = Release|Any CPU
		{FE5B8A2F-D1CA-48C0-B00E-553738D07FD7}.Release|Any CPU.Build.0 = Release|Any CPU
	EndGlobalSection
	GlobalSection(SolutionProperties) = preSolution
		HideSolutionNode = FALSE
	EndGlobalSection
	GlobalSection(ExtensibilityGlobals) = postSolution
		SolutionGuid = {F343BD0A-89B6-4579-B470-F84E2A364138}
	EndGlobalSection
EndGlobal
